
Microsoft Visual Studio Solution File, Format Version 9.00
# Visual Studio 2005
Project("{8BC9CEB8-8B4A-11D0-8D11-00A0C91BC942}") = "EDisk", "..\EDisk\EDisk.vcproj", "{8AC4A7AA-1ED2-4B29-A591-126CD9D85FAE}"
EndProject
Global
	GlobalSection(SolutionConfigurationPlatforms) = preSolution
		Debug|MT3351_WINCE600_SDK (ARMV4I) = Debug|MT3351_WINCE600_SDK (ARMV4I)
		Release|MT3351_WINCE600_SDK (ARMV4I) = Release|MT3351_WINCE600_SDK (ARMV4I)
	EndGlobalSection
	GlobalSection(ProjectConfigurationPlatforms) = postSolution
		{8AC4A7AA-1ED2-4B29-A591-126CD9D85FAE}.Debug|MT3351_WINCE600_SDK (ARMV4I).ActiveCfg = Debug|MT3351_WINCE600_SDK (ARMV4I)
		{8AC4A7AA-1ED2-4B29-A591-126CD9D85FAE}.Debug|MT3351_WINCE600_SDK (ARMV4I).Build.0 = Debug|MT3351_WINCE600_SDK (ARMV4I)
		{8AC4A7AA-1ED2-4B29-A591-126CD9D85FAE}.Debug|MT3351_WINCE600_SDK (ARMV4I).Deploy.0 = Debug|MT3351_WINCE600_SDK (ARMV4I)
		{8AC4A7AA-1ED2-4B29-A591-126CD9D85FAE}.Release|MT3351_WINCE600_SDK (ARMV4I).ActiveCfg = Release|MT3351_WINCE600_SDK (ARMV4I)
		{8AC4A7AA-1ED2-4B29-A591-126CD9D85FAE}.Release|MT3351_WINCE600_SDK (ARMV4I).Build.0 = Release|MT3351_WINCE600_SDK (ARMV4I)
		{8AC4A7AA-1ED2-4B29-A591-126CD9D85FAE}.Release|MT3351_WINCE600_SDK (ARMV4I).Deploy.0 = Release|MT3351_WINCE600_SDK (ARMV4I)
	EndGlobalSection
	GlobalSection(SolutionProperties) = preSolution
		HideSolutionNode = FALSE
	EndGlobalSection
EndGlobal
