
Microsoft Visual Studio Solution File, Format Version 9.00
# Visual Studio 2005
Project("{8BC9CEB8-8B4A-11D0-8D11-00A0C91BC942}") = "EPlayer", "..\EPlayer\EPlayer.vcproj", "{C59A4E15-546F-482A-90DE-AC0D4A2CE8AA}"
EndProject
Global
	GlobalSection(SolutionConfigurationPlatforms) = preSolution
		Debug|MT3351_WINCE600_SDK (ARMV4I) = Debug|MT3351_WINCE600_SDK (ARMV4I)
		Release|MT3351_WINCE600_SDK (ARMV4I) = Release|MT3351_WINCE600_SDK (ARMV4I)
	EndGlobalSection
	GlobalSection(ProjectConfigurationPlatforms) = postSolution
		{C59A4E15-546F-482A-90DE-AC0D4A2CE8AA}.Debug|MT3351_WINCE600_SDK (ARMV4I).ActiveCfg = Debug|MT3351_WINCE600_SDK (ARMV4I)
		{C59A4E15-546F-482A-90DE-AC0D4A2CE8AA}.Debug|MT3351_WINCE600_SDK (ARMV4I).Build.0 = Debug|MT3351_WINCE600_SDK (ARMV4I)
		{C59A4E15-546F-482A-90DE-AC0D4A2CE8AA}.Debug|MT3351_WINCE600_SDK (ARMV4I).Deploy.0 = Debug|MT3351_WINCE600_SDK (ARMV4I)
		{C59A4E15-546F-482A-90DE-AC0D4A2CE8AA}.Release|MT3351_WINCE600_SDK (ARMV4I).ActiveCfg = Release|MT3351_WINCE600_SDK (ARMV4I)
		{C59A4E15-546F-482A-90DE-AC0D4A2CE8AA}.Release|MT3351_WINCE600_SDK (ARMV4I).Build.0 = Release|MT3351_WINCE600_SDK (ARMV4I)
		{C59A4E15-546F-482A-90DE-AC0D4A2CE8AA}.Release|MT3351_WINCE600_SDK (ARMV4I).Deploy.0 = Release|MT3351_WINCE600_SDK (ARMV4I)
	EndGlobalSection
	GlobalSection(SolutionProperties) = preSolution
		HideSolutionNode = FALSE
	EndGlobalSection
EndGlobal
